# This file was autogenerated by Stack.
# You should not edit this file by hand.
# For more information, please see the documentation at:
#   https://docs.haskellstack.org/en/stable/lock_files

packages:
- completed:
    hackage: modbus-tcp-0.5@sha256:26d927e57d06adac8c046275cc9588583313fe67c2c675c5b92c4593bc5c49f0,1065
    pantry-tree:
      size: 220
      sha256: a110d71c17a24a1abc68f06f1e7a344a9a1db0d1a24e0fa12f76cec918eaac57
  original:
    hackage: modbus-tcp-0.5
snapshots:
- completed:
    size: 531237
    url: https://raw.githubusercontent.com/commercialhaskell/stackage-snapshots/master/lts/16/0.yaml
    sha256: 210e15b7043e2783115afe16b0d54914b1611cdaa73f3ca3ca7f8e0847ff54e5
  original: lts-16.0
