# This file was autogenerated by Stack.
# You should not edit this file by hand.
# For more information, please see the documentation at:
#   https://docs.haskellstack.org/en/stable/lock_files

packages:
- completed:
    name: modbus-tcp
    version: '0.6'
    git: https://github.com/3kyro/modbus-tcp.git
    pantry-tree:
      size: 1191
      sha256: a697b7ec6e4af354ae88f853854cb71d1fc1c8936fd2c755da0a5093d997c553
    commit: 4c4490810df6a1d97022825066120d970859a73a
  original:
    git: https://github.com/3kyro/modbus-tcp.git
    commit: 4c4490810df6a1d97022825066120d970859a73a
- completed:
    name: keep-alive
    version: 0.1.0.0
    git: https://github.com/3kyro/keep-alive.git
    pantry-tree:
      size: 798
      sha256: 02c5c6a693db763d8887493190f1c1b544942da1ddd6525a493fd7fbb8d6911d
    commit: 33b21745d5a920a51e0acd70d2bb44711795d0a2
  original:
    git: https://github.com/3kyro/keep-alive.git
    commit: 33b21745d5a920a51e0acd70d2bb44711795d0a2
- completed:
    hackage: either-5.0.1.1@sha256:41167573bf575b7e0e24283a52fba8ce7bed5a7cc2984bba0dce305a0ab66f0d,1973
    pantry-tree:
      size: 657
      sha256: f4355cd0091ec38301af2b98729fe2d6eb0a41bd7f01cc66be8202da90a6cb0e
  original:
    hackage: either-5.0.1.1
- completed:
    hackage: monad-batcher-0.0.0.0@sha256:2a2554f8b8aaf0c153f4b8893a2217108b17b73c007854b9a8f13655fd8489d4,848
    pantry-tree:
      size: 276
      sha256: 370540911d5377b2e12bba81cab2f4b7d4af60a6c35a3246cd5b3827722e93fe
  original:
    hackage: monad-batcher-0.0.0.0
- completed:
    hackage: serialport-0.4.7@sha256:faff483f73c8e8e9661dae3788795bb0f4a38413a49fccb77bcdc6827af50182,1430
    pantry-tree:
      size: 762
      sha256: 50b9cd8cc7937d91834a499171f8d0904f63381dda4d90b546fa6f16f1bec2c3
  original:
    hackage: serialport-0.4.7
snapshots:
- completed:
    size: 532382
    url: https://raw.githubusercontent.com/commercialhaskell/stackage-snapshots/master/lts/16/14.yaml
    sha256: 1ef27e36f38824abafc43224ca612211b3828fa9ffd31ba0fc2867ae2e19ba90
  original: lts-16.14
